{
  "name": "xmpp-bosh-interface-proxy",
  "version": "1.0.0",
  "dependencies": {
    "express": {
      "version": "3.0.0beta2",
      "dependencies": {
        "connect": {
          "version": "2.3.1",
          "dependencies": {
            "qs": {
              "version": "0.4.2"
            },
            "mime": {
              "version": "1.2.4"
            },
            "formidable": {
              "version": "1.0.9"
            }
          }
        },
        "commander": {
          "version": "0.6.1"
        },
        "mime": {
          "version": "1.2.5"
        },
        "mkdirp": {
          "version": "0.3.2"
        },
        "cookie": {
          "version": "0.0.3"
        },
        "crc": {
          "version": "0.2.0"
        },
        "debug": {
          "version": "0.7.0"
        }
      }
    },
    "http-proxy": {
      "version": "0.8.1",
      "dependencies": {
        "colors": {
          "version": "0.6.0-1"
        },
        "optimist": {
          "version": "0.2.8",
          "dependencies": {
            "wordwrap": {
              "version": "0.0.2"
            }
          }
        },
        "pkginfo": {
          "version": "0.2.3"
        }
      }
    }
  }
}
